
Microsoft Visual Studio Solution File, Format Version 12.00
# Visual Studio 15
VisualStudioVersion = 15.0.28307.705
MinimumVisualStudioVersion = 10.0.40219.1
Project("{FAE04EC0-301F-11D3-BF4B-00C04F79EFBC}") = "DataSetDemoApplication", "DataSetDemoApplication\DataSetDemoApplication.csproj", "{357A172A-BDEB-477A-9F5A-C332E90C9EEB}"
EndProject
Global
	GlobalSection(SolutionConfigurationPlatforms) = preSolution
		Debug|Any CPU = Debug|Any CPU
		Release|Any CPU = Release|Any CPU
	EndGlobalSection
	GlobalSection(ProjectConfigurationPlatforms) = postSolution
		{357A172A-BDEB-477A-9F5A-C332E90C9EEB}.Debug|Any CPU.ActiveCfg = Debug|Any CPU
		{357A172A-BDEB-477A-9F5A-C332E90C9EEB}.Debug|Any CPU.Build.0 = Debug|Any CPU
		{357A172A-BDEB-477A-9F5A-C332E90C9EEB}.Release|Any CPU.ActiveCfg = Release|Any CPU
		{357A172A-BDEB-477A-9F5A-C332E90C9EEB}.Release|Any CPU.Build.0 = Release|Any CPU
	EndGlobalSection
	GlobalSection(SolutionProperties) = preSolution
		HideSolutionNode = FALSE
	EndGlobalSection
	GlobalSection(ExtensibilityGlobals) = postSolution
		SolutionGuid = {238301C5-108A-4975-A5EB-B71AE89AE0DF}
	EndGlobalSection
EndGlobal
